{
    "_meta": {
        "hash": {
            "sha256": "ed57021848360c21b645fbe2a96be23a6bf379f52830d2a4c0a4822f1dbdb5fd"
        },
        "pipfile-spec": 6,
        "requires": {
            "python_version": "3.7"
        },
        "sources": [
            {
                "name": "pypi.ustc",
                "url": "https://pypi.org/simple",
                "verify_ssl": true
            }
        ]
    },
    "default": {
        "appdirs": {
            "hashes": [
                "sha256:7d5d0167b2b1ba821647616af46a749d1c653740dd0d2415100fe26e27afdf41",
                "sha256:a841dacd6b99318a741b166adb07e19ee71a274450e68237b4650ca1055ab128"
            ],
            "version": "==1.4.4"
        },
        "beautifulsoup4": {
            "hashes": [
                "sha256:9a315ce70049920ea4572a4055bc4bd700c940521d36fc858205ad4fcde149bf",
                "sha256:c23ad23c521d818955a4151a67d81580319d4bf548d3d49f4223ae041ff98891"
            ],
            "markers": "python_version >= '3.1'",
            "version": "==4.10.0"
        },
        "beem": {
            "hashes": [
                "sha256:6a2bb98b0e62601cf5470b46c203b71b55f2c866a4745f37d68647764826a651",
                "sha256:ade2bdc85293491a0733937317cb6d28aca42a52dadbcc3d8c72562979a66653"
            ],
            "index": "pypi.ustc",
            "version": "==0.21.1"
        },
        "bs4": {
            "hashes": [
                "sha256:36ecea1fd7cc5c0c6e4a1ff075df26d50da647b75376626cc186e2212886dd3a"
            ],
            "index": "pypi.ustc",
            "version": "==0.0.1"
        },
        "certifi": {
            "hashes": [
                "sha256:046832c04d4e752f37383b628bc601a7ea7211496b4638f6514d0e5b9acc4939",
                "sha256:945e3ba63a0b9f577b1395204e13c3a231f9bc0223888be653286534e5873695"
            ],
            "index": "pypi.ustc",
            "version": "==2019.6.16"
        },
        "cffi": {
            "hashes": [
                "sha256:00c878c90cb53ccfaae6b8bc18ad05d2036553e6d9d1d9dbcf323bbe83854ca3",
                "sha256:0104fb5ae2391d46a4cb082abdd5c69ea4eab79d8d44eaaf79f1b1fd806ee4c2",
                "sha256:06c48159c1abed75c2e721b1715c379fa3200c7784271b3c46df01383b593636",
                "sha256:0808014eb713677ec1292301ea4c81ad277b6cdf2fdd90fd540af98c0b101d20",
                "sha256:10dffb601ccfb65262a27233ac273d552ddc4d8ae1bf93b21c94b8511bffe728",
                "sha256:14cd121ea63ecdae71efa69c15c5543a4b5fbcd0bbe2aad864baca0063cecf27",
                "sha256:17771976e82e9f94976180f76468546834d22a7cc404b17c22df2a2c81db0c66",
                "sha256:181dee03b1170ff1969489acf1c26533710231c58f95534e3edac87fff06c443",
                "sha256:23cfe892bd5dd8941608f93348c0737e369e51c100d03718f108bf1add7bd6d0",
                "sha256:263cc3d821c4ab2213cbe8cd8b355a7f72a8324577dc865ef98487c1aeee2bc7",
                "sha256:2756c88cbb94231c7a147402476be2c4df2f6078099a6f4a480d239a8817ae39",
                "sha256:27c219baf94952ae9d50ec19651a687b826792055353d07648a5695413e0c605",
                "sha256:2a23af14f408d53d5e6cd4e3d9a24ff9e05906ad574822a10563efcef137979a",
                "sha256:31fb708d9d7c3f49a60f04cf5b119aeefe5644daba1cd2a0fe389b674fd1de37",
                "sha256:3415c89f9204ee60cd09b235810be700e993e343a408693e80ce7f6a40108029",
                "sha256:3773c4d81e6e818df2efbc7dd77325ca0dcb688116050fb2b3011218eda36139",
                "sha256:3b96a311ac60a3f6be21d2572e46ce67f09abcf4d09344c49274eb9e0bf345fc",
                "sha256:3f7d084648d77af029acb79a0ff49a0ad7e9d09057a9bf46596dac9514dc07df",
                "sha256:41d45de54cd277a7878919867c0f08b0cf817605e4eb94093e7516505d3c8d14",
                "sha256:4238e6dab5d6a8ba812de994bbb0a79bddbdf80994e4ce802b6f6f3142fcc880",
                "sha256:45db3a33139e9c8f7c09234b5784a5e33d31fd6907800b316decad50af323ff2",
                "sha256:45e8636704eacc432a206ac7345a5d3d2c62d95a507ec70d62f23cd91770482a",
                "sha256:4958391dbd6249d7ad855b9ca88fae690783a6be9e86df65865058ed81fc860e",
                "sha256:4a306fa632e8f0928956a41fa8e1d6243c71e7eb59ffbd165fc0b41e316b2474",
                "sha256:57e9ac9ccc3101fac9d6014fba037473e4358ef4e89f8e181f8951a2c0162024",
                "sha256:59888172256cac5629e60e72e86598027aca6bf01fa2465bdb676d37636573e8",
                "sha256:5e069f72d497312b24fcc02073d70cb989045d1c91cbd53979366077959933e0",
                "sha256:64d4ec9f448dfe041705426000cc13e34e6e5bb13736e9fd62e34a0b0c41566e",
                "sha256:6dc2737a3674b3e344847c8686cf29e500584ccad76204efea14f451d4cc669a",
                "sha256:74fdfdbfdc48d3f47148976f49fab3251e550a8720bebc99bf1483f5bfb5db3e",
                "sha256:75e4024375654472cc27e91cbe9eaa08567f7fbdf822638be2814ce059f58032",
                "sha256:786902fb9ba7433aae840e0ed609f45c7bcd4e225ebb9c753aa39725bb3e6ad6",
                "sha256:8b6c2ea03845c9f501ed1313e78de148cd3f6cad741a75d43a29b43da27f2e1e",
                "sha256:91d77d2a782be4274da750752bb1650a97bfd8f291022b379bb8e01c66b4e96b",
                "sha256:91ec59c33514b7c7559a6acda53bbfe1b283949c34fe7440bcf917f96ac0723e",
                "sha256:920f0d66a896c2d99f0adbb391f990a84091179542c205fa53ce5787aff87954",
                "sha256:a5263e363c27b653a90078143adb3d076c1a748ec9ecc78ea2fb916f9b861962",
                "sha256:abb9a20a72ac4e0fdb50dae135ba5e77880518e742077ced47eb1499e29a443c",
                "sha256:c2051981a968d7de9dd2d7b87bcb9c939c74a34626a6e2f8181455dd49ed69e4",
                "sha256:c21c9e3896c23007803a875460fb786118f0cdd4434359577ea25eb556e34c55",
                "sha256:c2502a1a03b6312837279c8c1bd3ebedf6c12c4228ddbad40912d671ccc8a962",
                "sha256:d4d692a89c5cf08a8557fdeb329b82e7bf609aadfaed6c0d79f5a449a3c7c023",
                "sha256:da5db4e883f1ce37f55c667e5c0de439df76ac4cb55964655906306918e7363c",
                "sha256:e7022a66d9b55e93e1a845d8c9eba2a1bebd4966cd8bfc25d9cd07d515b33fa6",
                "sha256:ef1f279350da2c586a69d32fc8733092fd32cc8ac95139a00377841f59a3f8d8",
                "sha256:f54a64f8b0c8ff0b64d18aa76675262e1700f3995182267998c31ae974fbc382",
                "sha256:f5c7150ad32ba43a07c4479f40241756145a1f03b43480e058cfd862bf5041c7",
                "sha256:f6f824dc3bce0edab5f427efcfb1d63ee75b6fcb7282900ccaf925be84efb0fc",
                "sha256:fd8a250edc26254fe5b33be00402e6d287f562b6a5b2152dec302fa15bb3e997",
                "sha256:ffaa5c925128e29efbde7301d8ecaf35c8c60ffbcd6a1ffd3a552177c8e5e796"
            ],
            "version": "==1.15.0"
        },
        "chardet": {
            "hashes": [
                "sha256:84ab92ed1c4d4f16916e05906b6b75a6c0fb5db821cc65e70cbd64a3e2a5eaae",
                "sha256:fc323ffcaeaed0e0a02bf4d117757b98aed530d9ed4531e3e15460124c106691"
            ],
            "version": "==3.0.4"
        },
        "click": {
            "hashes": [
                "sha256:353f466495adaeb40b6b5f592f9f91cb22372351c84caeb068132442a4518ef3",
                "sha256:410e932b050f5eed773c4cda94de75971c89cdb3155a72a0831139a79e5ecb5b"
            ],
            "markers": "python_version >= '3.6'",
            "version": "==8.0.3"
        },
        "cryptography": {
            "hashes": [
                "sha256:2049f8b87f449fc6190350de443ee0c1dd631f2ce4fa99efad2984de81031681",
                "sha256:231c4a69b11f6af79c1495a0e5a85909686ea8db946935224b7825cfb53827ed",
                "sha256:24469d9d33217ffd0ce4582dfcf2a76671af115663a95328f63c99ec7ece61a4",
                "sha256:2deab5ec05d83ddcf9b0916319674d3dae88b0e7ee18f8962642d3cde0496568",
                "sha256:494106e9cd945c2cadfce5374fa44c94cfadf01d4566a3b13bb487d2e6c7959e",
                "sha256:4c702855cd3174666ef0d2d13dcc879090aa9c6c38f5578896407a7028f75b9f",
                "sha256:52f769ecb4ef39865719aedc67b4b7eae167bafa48dbc2a26dd36fa56460507f",
                "sha256:5c49c9e8fb26a567a2b3fa0343c89f5d325447956cc2fc7231c943b29a973712",
                "sha256:684993ff6f67000a56454b41bdc7e015429732d65a52d06385b6e9de6181c71e",
                "sha256:6fbbbb8aab4053fa018984bb0e95a16faeb051dd8cca15add2a27e267ba02b58",
                "sha256:8982c19bb90a4fa2aad3d635c6d71814e38b643649b4000a8419f8691f20ac44",
                "sha256:9511416e85e449fe1de73f7f99b21b3aa04fba4c4d335d30c486ba3756e3a2a6",
                "sha256:97199a13b772e74cdcdb03760c32109c808aff7cd49c29e9cf4b7754bb725d1d",
                "sha256:a776bae1629c8d7198396fd93ec0265f8dd2341c553dc32b976168aaf0e6a636",
                "sha256:aa94d617a4cd4cdf4af9b5af65100c036bce22280ebb15d8b5262e8273ebc6ba",
                "sha256:b17d83b3d1610e571fedac21b2eb36b816654d6f7496004d6a0d32f99d1d8120",
                "sha256:d73e3a96c38173e0aa5646c31bf8473bc3564837977dd480f5cbeacf1d7ef3a3",
                "sha256:d91bc9f535599bed58f6d2e21a2724cb0c3895bf41c6403fe881391d29096f1d",
                "sha256:ef216d13ac8d24d9cd851776662f75f8d29c9f2d05cdcc2d34a18d32463a9b0b",
                "sha256:f6a5a85beb33e57998dc605b9dbe7deaa806385fdf5c4810fb849fcd04640c81",
                "sha256:f92556f94e476c1b616e6daec5f7ddded2c082efa7cee7f31c7aeda615906ed8"
            ],
            "version": "==36.0.0"
        },
        "cycler": {
            "hashes": [
                "sha256:3a27e95f763a428a739d2add979fa7494c912a32c17c4c38c4d5f082cad165a3",
                "sha256:9c87405839a19696e837b3b818fed3f5f69f16f1eec1a1ad77e043dcea9c772f"
            ],
            "markers": "python_version >= '3.6'",
            "version": "==0.11.0"
        },
        "dnspython": {
            "hashes": [
                "sha256:36c5e8e38d4369a08b6780b7f27d790a292b2b08eea01607865bf0936c558e01",
                "sha256:f69c21288a962f4da86e56c4905b49d11aba7938d3d740e80d9e366ee4f1632d"
            ],
            "index": "pypi.ustc",
            "version": "==1.16.0"
        },
        "ecdsa": {
            "hashes": [
                "sha256:5cf31d5b33743abe0dfc28999036c849a69d548f994b535e527ee3cb7f3ef676",
                "sha256:b9f500bb439e4153d0330610f5d26baaf18d17b8ced1bc54410d189385ea68aa"
            ],
            "markers": "python_version >= '2.6' and python_version not in '3.0, 3.1, 3.2, 3.3'",
            "version": "==0.17.0"
        },
        "events": {
            "hashes": [
                "sha256:01d9dd2a061f908d74a89fa5c8f07baa694f02a2a5974983663faaf7a97180f5"
            ],
            "version": "==0.4"
        },
        "future": {
            "hashes": [
                "sha256:b1bead90b70cf6ec3f0710ae53a525360fa360d306a86583adc6bf83a4db537d"
            ],
            "markers": "python_version >= '2.6' and python_version not in '3.0, 3.1, 3.2, 3.3'",
            "version": "==0.18.2"
        },
        "idna": {
            "hashes": [
                "sha256:c357b3f628cf53ae2c4c05627ecc484553142ca23264e593d327bcde5e9c3407",
                "sha256:ea8b7f6188e6fa117537c3df7da9fc686d485087abf6ac197f9c46432f7e4a3c"
            ],
            "version": "==2.8"
        },
        "importlib-metadata": {
            "hashes": [
                "sha256:53ccfd5c134223e497627b9815d5030edf77d2ed573922f7a0b8f8bb81a1c100",
                "sha256:75bdec14c397f528724c1bfd9709d660b33a4d2e77387a3358f20b848bb5e5fb"
            ],
            "markers": "python_version < '3.8'",
            "version": "==4.8.2"
        },
        "invoke": {
            "hashes": [
                "sha256:c52274d2e8a6d64ef0d61093e1983268ea1fc0cd13facb9448c4ef0c9a7ac7da",
                "sha256:f4ec8a134c0122ea042c8912529f87652445d9f4de590b353d23f95bfa1f0efd",
                "sha256:fc803a5c9052f15e63310aa81a43498d7c55542beb18564db88a9d75a176fa44"
            ],
            "index": "pypi.ustc",
            "version": "==1.3.0"
        },
        "kiwisolver": {
            "hashes": [
                "sha256:0007840186bacfaa0aba4466d5890334ea5938e0bb7e28078a0eb0e63b5b59d5",
                "sha256:19554bd8d54cf41139f376753af1a644b63c9ca93f8f72009d50a2080f870f77",
                "sha256:1d45d1c74f88b9f41062716c727f78f2a59a5476ecbe74956fafb423c5c87a76",
                "sha256:1d819553730d3c2724582124aee8a03c846ec4362ded1034c16fb3ef309264e6",
                "sha256:2210f28778c7d2ee13f3c2a20a3a22db889e75f4ec13a21072eabb5693801e84",
                "sha256:22521219ca739654a296eea6d4367703558fba16f98688bd8ce65abff36eaa84",
                "sha256:25405f88a37c5f5bcba01c6e350086d65e7465fd1caaf986333d2a045045a223",
                "sha256:2b65bd35f3e06a47b5c30ea99e0c2b88f72c6476eedaf8cfbc8e66adb5479dcf",
                "sha256:2ddb500a2808c100e72c075cbb00bf32e62763c82b6a882d403f01a119e3f402",
                "sha256:2f8f6c8f4f1cff93ca5058d6ec5f0efda922ecb3f4c5fb76181f327decff98b8",
                "sha256:30fa008c172355c7768159983a7270cb23838c4d7db73d6c0f6b60dde0d432c6",
                "sha256:3dbb3cea20b4af4f49f84cffaf45dd5f88e8594d18568e0225e6ad9dec0e7967",
                "sha256:4116ba9a58109ed5e4cb315bdcbff9838f3159d099ba5259c7c7fb77f8537492",
                "sha256:44e6adf67577dbdfa2d9f06db9fbc5639afefdb5bf2b4dfec25c3a7fbc619536",
                "sha256:5326ddfacbe51abf9469fe668944bc2e399181a2158cb5d45e1d40856b2a0589",
                "sha256:70adc3658138bc77a36ce769f5f183169bc0a2906a4f61f09673f7181255ac9b",
                "sha256:72be6ebb4e92520b9726d7146bc9c9b277513a57a38efcf66db0620aec0097e0",
                "sha256:7843b1624d6ccca403a610d1277f7c28ad184c5aa88a1750c1a999754e65b439",
                "sha256:7ba5a1041480c6e0a8b11a9544d53562abc2d19220bfa14133e0cdd9967e97af",
                "sha256:80efd202108c3a4150e042b269f7c78643420cc232a0a771743bb96b742f838f",
                "sha256:82f49c5a79d3839bc8f38cb5f4bfc87e15f04cbafa5fbd12fb32c941cb529cfb",
                "sha256:83d2c9db5dfc537d0171e32de160461230eb14663299b7e6d18ca6dca21e4977",
                "sha256:8d93a1095f83e908fc253f2fb569c2711414c0bfd451cab580466465b235b470",
                "sha256:8dc3d842fa41a33fe83d9f5c66c0cc1f28756530cd89944b63b072281e852031",
                "sha256:9661a04ca3c950a8ac8c47f53cbc0b530bce1b52f516a1e87b7736fec24bfff0",
                "sha256:a498bcd005e8a3fedd0022bb30ee0ad92728154a8798b703f394484452550507",
                "sha256:a7a4cf5bbdc861987a7745aed7a536c6405256853c94abc9f3287c3fa401b174",
                "sha256:b5074fb09429f2b7bc82b6fb4be8645dcbac14e592128beeff5461dcde0af09f",
                "sha256:b6a5431940f28b6de123de42f0eb47b84a073ee3c3345dc109ad550a3307dd28",
                "sha256:ba677bcaff9429fd1bf01648ad0901cea56c0d068df383d5f5856d88221fe75b",
                "sha256:bcadb05c3d4794eb9eee1dddf1c24215c92fb7b55a80beae7a60530a91060560",
                "sha256:bf7eb45d14fc036514c09554bf983f2a72323254912ed0c3c8e697b62c4c158f",
                "sha256:c358721aebd40c243894298f685a19eb0491a5c3e0b923b9f887ef1193ddf829",
                "sha256:c4550a359c5157aaf8507e6820d98682872b9100ce7607f8aa070b4b8af6c298",
                "sha256:c6572c2dab23c86a14e82c245473d45b4c515314f1f859e92608dcafbd2f19b8",
                "sha256:cba430db673c29376135e695c6e2501c44c256a81495da849e85d1793ee975ad",
                "sha256:dedc71c8eb9c5096037766390172c34fb86ef048b8e8958b4e484b9e505d66bc",
                "sha256:e6f5eb2f53fac7d408a45fbcdeda7224b1cfff64919d0f95473420a931347ae9",
                "sha256:ec2eba188c1906b05b9b49ae55aae4efd8150c61ba450e6721f64620c50b59eb",
                "sha256:ee040a7de8d295dbd261ef2d6d3192f13e2b08ec4a954de34a6fb8ff6422e24c",
                "sha256:eedd3b59190885d1ebdf6c5e0ca56828beb1949b4dfe6e5d0256a461429ac386",
                "sha256:f441422bb313ab25de7b3dbfd388e790eceb76ce01a18199ec4944b369017009",
                "sha256:f8eb7b6716f5b50e9c06207a14172cf2de201e41912ebe732846c02c830455b9",
                "sha256:fc4453705b81d03568d5b808ad8f09c77c47534f6ac2e72e733f9ca4714aa75c"
            ],
            "markers": "python_version >= '3.7'",
            "version": "==1.3.2"
        },
        "langdetect": {
            "hashes": [
                "sha256:91a170d5f0ade380db809b3ba67f08e95fe6c6c8641f96d67a51ff7e98a9bf30"
            ],
            "index": "pypi.ustc",
            "version": "==1.0.7"
        },
        "lxml": {
            "hashes": [
                "sha256:11ae552a78612620afd15625be9f1b82e3cc2e634f90d6b11709b10a100cba59",
                "sha256:121fc6f71c692b49af6c963b84ab7084402624ffbe605287da362f8af0668ea3",
                "sha256:124f09614f999551ac65e5b9875981ce4b66ac4b8e2ba9284572f741935df3d9",
                "sha256:12ae2339d32a2b15010972e1e2467345b7bf962e155671239fba74c229564b7f",
                "sha256:12d8d6fe3ddef629ac1349fa89a638b296a34b6529573f5055d1cb4e5245f73b",
                "sha256:1a2a7659b8eb93c6daee350a0d844994d49245a0f6c05c747f619386fb90ba04",
                "sha256:1ccbfe5d17835db906f2bab6f15b34194db1a5b07929cba3cf45a96dbfbfefc0",
                "sha256:2f77556266a8fe5428b8759fbfc4bd70be1d1d9c9b25d2a414f6a0c0b0f09120",
                "sha256:3534d7c468c044f6aef3c0aff541db2826986a29ea73f2ca831f5d5284d9b570",
                "sha256:3884476a90d415be79adfa4e0e393048630d0d5bcd5757c4c07d8b4b00a1096b",
                "sha256:3b95fb7e6f9c2f53db88f4642231fc2b8907d854e614710996a96f1f32018d5c",
                "sha256:46515773570a33eae13e451c8fcf440222ef24bd3b26f40774dd0bd8b6db15b2",
                "sha256:46f21f2600d001af10e847df9eb3b832e8a439f696c04891bcb8a8cedd859af9",
                "sha256:473701599665d874919d05bb33b56180447b3a9da8d52d6d9799f381ce23f95c",
                "sha256:4b9390bf973e3907d967b75be199cf1978ca8443183cf1e78ad80ad8be9cf242",
                "sha256:4f415624cf8b065796649a5e4621773dc5c9ea574a944c76a7f8a6d3d2906b41",
                "sha256:534032a5ceb34bba1da193b7d386ac575127cc39338379f39a164b10d97ade89",
                "sha256:558485218ee06458643b929765ac1eb04519ca3d1e2dcc288517de864c747c33",
                "sha256:57cf05466917e08f90e323f025b96f493f92c0344694f5702579ab4b7e2eb10d",
                "sha256:59d77bfa3bea13caee95bc0d3f1c518b15049b97dd61ea8b3d71ce677a67f808",
                "sha256:5d5254c815c186744c8f922e2ce861a2bdeabc06520b4b30b2f7d9767791ce6e",
                "sha256:5ea121cb66d7e5cb396b4c3ca90471252b94e01809805cfe3e4e44be2db3a99c",
                "sha256:60aeb14ff9022d2687ef98ce55f6342944c40d00916452bb90899a191802137a",
                "sha256:642eb4cabd997c9b949a994f9643cd8ae00cf4ca8c5cd9c273962296fadf1c44",
                "sha256:6548fc551de15f310dd0564751d9dc3d405278d45ea9b2b369ed1eccf142e1f5",
                "sha256:68a851176c931e2b3de6214347b767451243eeed3bea34c172127bbb5bf6c210",
                "sha256:6e84edecc3a82f90d44ddee2ee2a2630d4994b8471816e226d2b771cda7ac4ca",
                "sha256:73e8614258404b2689a26cb5d002512b8bc4dfa18aca86382f68f959aee9b0c8",
                "sha256:7679bb6e4d9a3978a46ab19a3560e8d2b7265ef3c88152e7fdc130d649789887",
                "sha256:76b6c296e4f7a1a8a128aec42d128646897f9ae9a700ef6839cdc9b3900db9b5",
                "sha256:7f00cc64b49d2ef19ddae898a3def9dd8fda9c3d27c8a174c2889ee757918e71",
                "sha256:8021eeff7fabde21b9858ed058a8250ad230cede91764d598c2466b0ba70db8b",
                "sha256:87f8f7df70b90fbe7b49969f07b347e3f978f8bd1046bb8ecae659921869202b",
                "sha256:916d457ad84e05b7db52700bad0a15c56e0c3000dcaf1263b2fb7a56fe148996",
                "sha256:925174cafb0f1179a7fd38da90302555d7445e34c9ece68019e53c946be7f542",
                "sha256:9801bcd52ac9c795a7d81ea67471a42cffe532e46cfb750cd5713befc5c019c0",
                "sha256:99cf827f5a783038eb313beee6533dddb8bdb086d7269c5c144c1c952d142ace",
                "sha256:a21b78af7e2e13bec6bea12fc33bc05730197674f3e5402ce214d07026ccfebd",
                "sha256:a52e8f317336a44836475e9c802f51c2dc38d612eaa76532cb1d17690338b63b",
                "sha256:a702005e447d712375433ed0499cb6e1503fadd6c96a47f51d707b4d37b76d3c",
                "sha256:a708c291900c40a7ecf23f1d2384ed0bc0604e24094dd13417c7e7f8f7a50d93",
                "sha256:a7790a273225b0c46e5f859c1327f0f659896cc72eaa537d23aa3ad9ff2a1cc1",
                "sha256:abcf7daa5ebcc89328326254f6dd6d566adb483d4d00178892afd386ab389de2",
                "sha256:add017c5bd6b9ec3a5f09248396b6ee2ce61c5621f087eb2269c813cd8813808",
                "sha256:af4139172ff0263d269abdcc641e944c9de4b5d660894a3ec7e9f9db63b56ac9",
                "sha256:b4015baed99d046c760f09a4c59d234d8f398a454380c3cf0b859aba97136090",
                "sha256:ba0006799f21d83c3717fe20e2707a10bbc296475155aadf4f5850f6659b96b9",
                "sha256:bdb98f4c9e8a1735efddfaa995b0c96559792da15d56b76428bdfc29f77c4cdb",
                "sha256:c34234a1bc9e466c104372af74d11a9f98338a3f72fae22b80485171a64e0144",
                "sha256:c580c2a61d8297a6e47f4d01f066517dbb019be98032880d19ece7f337a9401d",
                "sha256:ca9a40497f7e97a2a961c04fa8a6f23d790b0521350a8b455759d786b0bcb203",
                "sha256:cab343b265e38d4e00649cbbad9278b734c5715f9bcbb72c85a1f99b1a58e19a",
                "sha256:ce52aad32ec6e46d1a91ff8b8014a91538800dd533914bfc4a82f5018d971408",
                "sha256:da07c7e7fc9a3f40446b78c54dbba8bfd5c9100dfecb21b65bfe3f57844f5e71",
                "sha256:dc8a0dbb2a10ae8bb609584f5c504789f0f3d0d81840da4849102ec84289f952",
                "sha256:e5b4b0d9440046ead3bd425eb2b852499241ee0cef1ae151038e4f87ede888c4",
                "sha256:f33d8efb42e4fc2b31b3b4527940b25cdebb3026fb56a80c1c1c11a4271d2352",
                "sha256:f6befb83bca720b71d6bd6326a3b26e9496ae6649e26585de024890fe50f49b8",
                "sha256:fcc849b28f584ed1dbf277291ded5c32bb3476a37032df4a1d523b55faa5f944",
                "sha256:ff44de36772b05c2eb74f2b4b6d1ae29b8f41ed5506310ce1258d44826ee38c1"
            ],
            "index": "pypi.ustc",
            "version": "==4.6.5"
        },
        "markdown": {
            "hashes": [
                "sha256:2e50876bcdd74517e7b71f3e7a76102050edec255b3983403f1a63e7c8a41e7a",
                "sha256:56a46ac655704b91e5b7e6326ce43d5ef72411376588afa1dd90e881b83c7e8c"
            ],
            "index": "pypi.ustc",
            "version": "==3.1.1"
        },
        "matplotlib": {
            "hashes": [
                "sha256:1febd22afe1489b13c6749ea059d392c03261b2950d1d45c17e3aed812080c93",
                "sha256:31a30d03f39528c79f3a592857be62a08595dec4ac034978ecd0f814fa0eec2d",
                "sha256:4442ce720907f67a79d45de9ada47be81ce17e6c2f448b3c64765af93f6829c9",
                "sha256:796edbd1182cbffa7e1e7a97f1e141f875a8501ba8dd834269ae3cd45a8c976f",
                "sha256:934e6243df7165aad097572abf5b6003c77c9b6c480c3c4de6f2ef1b5fdd4ec0",
                "sha256:bab9d848dbf1517bc58d1f486772e99919b19efef5dd8596d4b26f9f5ee08b6b",
                "sha256:c1fe1e6cdaa53f11f088b7470c2056c0df7d80ee4858dadf6cbe433fcba4323b",
                "sha256:e5b8aeca9276a3a988caebe9f08366ed519fff98f77c6df5b64d7603d0e42e36",
                "sha256:ec6bd0a6a58df3628ff269978f4a4b924a0d371ad8ce1f8e2b635b99e482877a"
            ],
            "index": "pypi.ustc",
            "version": "==3.1.1"
        },
        "numpy": {
            "hashes": [
                "sha256:0b78ecfa070460104934e2caf51694ccd00f37d5e5dbe76f021b1b0b0d221823",
                "sha256:1247ef28387b7bb7f21caf2dbe4767f4f4175df44d30604d42ad9bd701ebb31f",
                "sha256:1403b4e2181fc72664737d848b60e65150f272fe5a1c1cbc16145ed43884065a",
                "sha256:170b2a0805c6891ca78c1d96ee72e4c3ed1ae0a992c75444b6ab20ff038ba2cd",
                "sha256:2e4ed57f45f0aa38beca2a03b6532e70e548faf2debbeb3291cfc9b315d9be8f",
                "sha256:32fe5b12061f6446adcbb32cf4060a14741f9c21e15aaee59a207b6ce6423469",
                "sha256:34f3456f530ae8b44231c63082c8899fe9c983fd9b108c997c4b1c8c2d435333",
                "sha256:4c9c23158b87ed0e70d9a50c67e5c0b3f75bcf2581a8e34668d4e9d7474d76c6",
                "sha256:5d95668e727c75b3f5088ec7700e260f90ec83f488e4c0aaccb941148b2cd377",
                "sha256:615d4e328af7204c13ae3d4df7615a13ff60a49cb0d9106fde07f541207883ca",
                "sha256:69077388c5a4b997442b843dbdc3a85b420fb693ec8e33020bb24d647c164fa5",
                "sha256:74b85a17528ca60cf98381a5e779fc0264b4a88b46025e6bcbe9621f46bb3e63",
                "sha256:81225e58ef5fce7f1d80399575576fc5febec79a8a2742e8ef86d7b03beef49f",
                "sha256:8890b3360f345e8360133bc078d2dacc2843b6ee6059b568781b15b97acbe39f",
                "sha256:92aafa03da8658609f59f18722b88f0a73a249101169e28415b4fa148caf7e41",
                "sha256:9864424631775b0c052f3bd98bc2712d131b3e2cd95d1c0c68b91709170890b0",
                "sha256:9e6f5f50d1eff2f2f752b3089a118aee1ea0da63d56c44f3865681009b0af162",
                "sha256:a3deb31bc84f2b42584b8c4001c85d1934dbfb4030827110bc36bfd11509b7bf",
                "sha256:ad010846cdffe7ec27e3f933397f8a8d6c801a48634f419e3d075db27acf5880",
                "sha256:b1e2312f5b8843a3e4e8224b2b48fe16119617b8fc0a54df8f50098721b5bed2",
                "sha256:bc988afcea53e6156546e5b2885b7efab089570783d9d82caf1cfd323b0bb3dd",
                "sha256:c449eb870616a7b62e097982c622d2577b3dbc800aaf8689254ec6e0197cbf1e",
                "sha256:c74c699b122918a6c4611285cc2cad4a3aafdb135c22a16ec483340ef97d573c",
                "sha256:c885bfc07f77e8fee3dc879152ba993732601f1f11de248d4f357f0ffea6a6d4",
                "sha256:e3c3e990274444031482a31280bf48674441e0a5b55ddb168f3a6db3e0c38ec8",
                "sha256:e4799be6a2d7d3c33699a6f77201836ac975b2e1b98c2a07f66a38f499cb50ce",
                "sha256:e6c76a87633aa3fa16614b61ccedfae45b91df2767cf097aa9c933932a7ed1e0",
                "sha256:e89717274b41ebd568cd7943fc9418eeb49b1785b66031bc8a7f6300463c5898",
                "sha256:f5162ec777ba7138906c9c274353ece5603646c6965570d82905546579573f73",
                "sha256:fde96af889262e85aa033f8ee1d3241e32bf36228318a61f1ace579df4e8170d"
            ],
            "markers": "python_version < '3.11' and python_version >= '3.7'",
            "version": "==1.21.4"
        },
        "pandas": {
            "hashes": [
                "sha256:18d91a9199d1dfaa01ad645f7540370ba630bdcef09daaf9edf45b4b1bca0232",
                "sha256:3f26e5da310a0c0b83ea50da1fd397de2640b02b424aa69be7e0784228f656c9",
                "sha256:4182e32f4456d2c64619e97c58571fa5ca0993d1e8c2d9ca44916185e1726e15",
                "sha256:426e590e2eb0e60f765271d668a30cf38b582eaae5ec9b31229c8c3c10c5bc21",
                "sha256:5eb934a8f0dc358f0e0cdf314072286bbac74e4c124b64371395e94644d5d919",
                "sha256:717928808043d3ea55b9bcde636d4a52d2236c246f6df464163a66ff59980ad8",
                "sha256:8145f97c5ed71827a6ec98ceaef35afed1377e2d19c4078f324d209ff253ecb5",
                "sha256:8744c84c914dcc59cbbb2943b32b7664df1039d99e834e1034a3372acb89ea4d",
                "sha256:c1ac1d9590d0c9314ebf01591bd40d4c03d710bfc84a3889e5263c97d7891dee",
                "sha256:cb2e197b7b0687becb026b84d3c242482f20cbb29a9981e43604eb67576da9f6",
                "sha256:d4001b71ad2c9b84ff18b182cea22b7b6cbf624216da3ea06fb7af28d1f93165",
                "sha256:d8930772adccb2882989ab1493fa74bd87d47c8ac7417f5dd3dd834ba8c24dc9",
                "sha256:dfbb0173ee2399bc4ed3caf2d236e5c0092f948aafd0a15fbe4a0e77ee61a958",
                "sha256:eebfbba048f4fa8ac711b22c78516e16ff8117d05a580e7eeef6b0c2be554c18",
                "sha256:f1b21bc5cf3dbea53d33615d1ead892dfdae9d7052fa8898083bec88be20dcd2"
            ],
            "index": "pypi.ustc",
            "version": "==0.25.1"
        },
        "prettytable": {
            "hashes": [
                "sha256:18e56447f636b447096977d468849c1e2d3cfa0af8e7b5acfcf83a64790c0aca",
                "sha256:2492f29e8686bdbcce815a568bff74cb71cbb704747c3abb9c9c6cfe25f985a2"
            ],
            "markers": "python_version >= '3.6'",
            "version": "==2.4.0"
        },
        "pycparser": {
            "hashes": [
                "sha256:8ee45429555515e1f6b185e78100aea234072576aa43ab53aefcae078162fca9",
                "sha256:e644fdec12f7872f86c58ff790da456218b10f863970249516d60a5eaca77206"
            ],
            "version": "==2.21"
        },
        "pycryptodomex": {
            "hashes": [
                "sha256:08c809e9f4be8d4f9948cf4d5ebc7431bbd9e1c0cd5ff478d0d5229f1bc4ad50",
                "sha256:097095a7c24b9e7eec865417f620f78adf218162c03b68e4fde194bf87801a67",
                "sha256:0981e8071d2ee457d842821438f833e362eed9a25a445d54ad7610b24293118f",
                "sha256:1bd9d158afa33dca04748b23e7b9d4055f8c8015ace2e972a866519af02d5eed",
                "sha256:1f6c370abf11546b1c9b70062918d601ac8fb7ff113554601b43175eed7480ef",
                "sha256:2595b7be43b8b2da953ea3506a8d71c07fc9b479d5c118b0c44a5eca2a1664f6",
                "sha256:2d173a5db4e306cd32558b1a3ceb45bd2ebeb6596525fd5945963798b3851e3d",
                "sha256:33c06d6819a0204fac675d100f92aa472c704cd774a47171a5949c75c1040ed6",
                "sha256:3559da56e1045ad567e69fcc74245073fe1943b07b137bfd1073c7a540a89df7",
                "sha256:3bfa2936f8391bfaa17ed6a5c726e33acad56d7b47b8bf824b1908b16b140025",
                "sha256:4361881388817f89aa819a553e987200a6eb664df995632b063997dd373a7cee",
                "sha256:43af464dcac1ae53e6e14a0ae6f08373b538f3c49fb9e426423618571edfecff",
                "sha256:44097663c62b3aa03b5b403b816dedafa592984e8c6857a061ade41f32a2666e",
                "sha256:4cbaea8ab8bfa283e6219af39624d921f72f8174765a35416aab4d4b4dec370e",
                "sha256:5b0fd9fc81d43cd54dc8e4b2df8730ffd1e34f1f0679920deae16f6487aa1414",
                "sha256:676d9f4286f490612fa35ca8fe4b1fced8ff18e653abc1dda34fbf166129d6c2",
                "sha256:79ad48096ceb5c714fbc4dc82e3e6b37f095f627b1fef90d94d85e19a19d6611",
                "sha256:83379f1fd7b99c4993f5e905f2a6ddb9003996655151ea3c2ee77332ad009d08",
                "sha256:88dc997e3e9199a0d67b547fba36c6d1c54fca7d83c4bfe0d3f34f55a4717a2c",
                "sha256:8c5b97953130ff76500c6e8e159f2b881c737ebf00034006517b57f382d5317c",
                "sha256:922e9dac0166e4617e5c7980d2cff6912a6eb5cb5c13e7ece222438650bd7f66",
                "sha256:9c037aaf6affc8f7c4f6f9f6279aa57dd526734246fb5221a0fff3124f57e0b1",
                "sha256:a896b41c518269c1cceb582e298a868e6c74bb3cbfd362865ea686c78aebe91d",
                "sha256:b1a6f17c4ad896ed628663b021cd797b098c7e9537fd259958f6ffb3b8921081",
                "sha256:b5ddaee74e1f06af9c0765a147904dddacf4ca9707f8f079e14e2b14b4f5a544",
                "sha256:d55374ebc36de7a3217f2e2318886f0801dd5e486e21aba1fc4ca08e3b6637d7",
                "sha256:ddac6a092b97aa11d2a21aec33e941b4453ef774da3d98f2b7c1e01da05e6d5e",
                "sha256:de9832ac3c51484fe1757ca4303695423b16cfa54874dae9239bf41f50a2affa",
                "sha256:e42a82c63952ed70be3c13782c6984a519b514e6b10108a9647c7576b6c86650",
                "sha256:ea8e83bf4731a2369350d7771a1f2ef8d72ad3da70a37d86b1374be8c675abd0"
            ],
            "markers": "python_version >= '2.7' and python_version not in '3.0, 3.1, 3.2, 3.3, 3.4'",
            "version": "==3.12.0"
        },
        "pylibscrypt": {
            "hashes": [
                "sha256:5afffc2cf056de86a000c13627ddca87fac14380939694aa6fbf4875926c0146"
            ],
            "version": "==2.0.0"
        },
        "pymongo": {
            "extras": [
                "tls"
            ],
            "hashes": [
                "sha256:09f8196e1cb081713aa3face08d1806dc0a5dd64cb9f67fefc568519253a7ff2",
                "sha256:1be549c0ce2ba8242c149156ae2064b12a5d4704448d49f630b4910606efd474",
                "sha256:1f9fe869e289210250cba4ea20fbd169905b1793e1cd2737f423e107061afa98",
                "sha256:3653cea82d1e35edd0a2355150daf8a27ebf12cf55182d5ad1046bfa288f5140",
                "sha256:4249c6ba45587b959292a727532826c5032d59171f923f7f823788f413c2a5a3",
                "sha256:4ff8f5e7c0a78983c1ee07894fff1b21c0e0ad3a122d9786cc3745fd60e4a2ce",
                "sha256:56b29c638ab924716b48a3e94e3d7ac00b04acec1daa8190c36d61fc714c3629",
                "sha256:56ec9358bbfe5ae3b25e785f8a14619d6799c855a44734c9098bb457174019bf",
                "sha256:5b59bbde4eb417f3f9379f7b1a9de3669894f2bae9de933a836e2bffea2bbfa1",
                "sha256:5dca250cbf1183c3e7b7b18c882c2b2199bfb20c74c4c68dbf11596808a296da",
                "sha256:61101d1cc92881fac1f9ac7e99b033062f4c210178dc33193c8f5567feecb069",
                "sha256:7b4aea184e4868ebd4f9f786ffee14a1121bda5436ad04f6bcbacfa2147f8386",
                "sha256:86624c0205a403fb4fbfedef79c5b4ab27e21fd018fdb6a27cf03b3c32a9e2b9",
                "sha256:88ac09e1b197c3b4531e43054d49c022a3ea1281431b2f4980abafa35d2a5ce2",
                "sha256:8b0339809b12ea292d468524dd1777f1a9637d9bdc0353a9261b88f82537d606",
                "sha256:93dbf7388f6bf9af48dbb32f265b75b3dbc743a7a2ce98e44c88c049c58d85d3",
                "sha256:9b705daec636c560dd2d63935f428a6b3cddfe903fffc0f349e0e91007c893d6",
                "sha256:a090a819fe6fefadc2901d3911c07c76c0935ec5c790a50e9f3c3c47bacd5978",
                "sha256:a102b346f1921237eaa9a31ee89eda57ad3c3973d79be3a456d92524e7df8fec",
                "sha256:a13363869f2f36291d6367069c65d51d7b8d1b2fb410266b0b6b1f3c90d6deb0",
                "sha256:a409a43c76da50881b70cc9ee70a1744f882848e8e93a68fb434254379777fa3",
                "sha256:a76475834a978058425b0163f1bad35a5f70e45929a543075633c3fc1df564c5",
                "sha256:ad474e93525baa6c58d75d63a73143af24c9f93c8e26e8d382f32c4da637901a",
                "sha256:b268c7fa03ac77a8662fab3b2ab0be4beecb82f60f4c24b584e69565691a107f",
                "sha256:b67ec339b180acdbebcd03807ae4b1764a43e7069340fe860a60ac310b9d38be",
                "sha256:cca4e1ab5ba0cd7877d3938167ee8ae9c2986cc0e10d3dcc3243d664d3a83fec",
                "sha256:cef61de3f0f4441ec40266ff2ab42e5c16eaba1dc1fc6e1036f274621c52adc1",
                "sha256:e28153b5d5ca33d4ba0c3bbc0e1ff161b9016e5e5f3f8ca10d6fa49106eb9e04",
                "sha256:f30d7b37804daf0bab1143abc71666c630d7e270f5c14c5a7c300a6699c21108",
                "sha256:f70f0133301cccf9bfd68fd20f67184ef991be578b646e78441106f9e27cc44d",
                "sha256:fa75c21c1d82f20cce62f6fc4a68c2b0f33572ab406df1b17cd77a947d0b2993"
            ],
            "index": "pypi.ustc",
            "version": "==3.9.0"
        },
        "pyopenssl": {
            "hashes": [
                "sha256:5e2d8c5e46d0d865ae933bef5230090bdaf5506281e9eec60fa250ee80600cb3",
                "sha256:8935bd4920ab9abfebb07c41a4f58296407ed77f04bd1a92914044b848ba1ed6"
            ],
            "version": "==21.0.0"
        },
        "pyparsing": {
            "hashes": [
                "sha256:04ff808a5b90911829c55c4e26f75fa5ca8a2f5f36aa3a51f68e27033341d3e4",
                "sha256:d9bdec0013ef1eb5a84ab39a3b3868911598afa494f5faa038647101504e2b81"
            ],
            "markers": "python_version >= '3.6'",
            "version": "==3.0.6"
        },
        "python-dateutil": {
            "hashes": [
                "sha256:0123cacc1627ae19ddf3c27a5de5bd67ee4586fbdd6440d9748f8abb483d3e86",
                "sha256:961d03dc3453ebbc59dbdea9e4e11c5651520a876d0f4db161e8674aae935da9"
            ],
            "markers": "python_version >= '2.7' and python_version not in '3.0, 3.1, 3.2, 3.3'",
            "version": "==2.8.2"
        },
        "pytz": {
            "hashes": [
                "sha256:3672058bc3453457b622aab7a1c3bfd5ab0bdae451512f6cf25f64ed37f5b87c",
                "sha256:acad2d8b20a1af07d4e4c9d2e9285c5ed9104354062f275f3fcd88dcef4f1326"
            ],
            "version": "==2021.3"
        },
        "pyyaml": {
            "hashes": [
                "sha256:0283c35a6a9fbf047493e3a0ce8d79ef5030852c51e9d911a27badfde0605293",
                "sha256:055d937d65826939cb044fc8c9b08889e8c743fdc6a32b33e2390f66013e449b",
                "sha256:07751360502caac1c067a8132d150cf3d61339af5691fe9e87803040dbc5db57",
                "sha256:0b4624f379dab24d3725ffde76559cff63d9ec94e1736b556dacdfebe5ab6d4b",
                "sha256:0ce82d761c532fe4ec3f87fc45688bdd3a4c1dc5e0b4a19814b9009a29baefd4",
                "sha256:1e4747bc279b4f613a09eb64bba2ba602d8a6664c6ce6396a4d0cd413a50ce07",
                "sha256:213c60cd50106436cc818accf5baa1aba61c0189ff610f64f4a3e8c6726218ba",
                "sha256:231710d57adfd809ef5d34183b8ed1eeae3f76459c18fb4a0b373ad56bedcdd9",
                "sha256:277a0ef2981ca40581a47093e9e2d13b3f1fbbeffae064c1d21bfceba2030287",
                "sha256:2cd5df3de48857ed0544b34e2d40e9fac445930039f3cfe4bcc592a1f836d513",
                "sha256:40527857252b61eacd1d9af500c3337ba8deb8fc298940291486c465c8b46ec0",
                "sha256:473f9edb243cb1935ab5a084eb238d842fb8f404ed2193a915d1784b5a6b5fc0",
                "sha256:48c346915c114f5fdb3ead70312bd042a953a8ce5c7106d5bfb1a5254e47da92",
                "sha256:50602afada6d6cbfad699b0c7bb50d5ccffa7e46a3d738092afddc1f9758427f",
                "sha256:68fb519c14306fec9720a2a5b45bc9f0c8d1b9c72adf45c37baedfcd949c35a2",
                "sha256:77f396e6ef4c73fdc33a9157446466f1cff553d979bd00ecb64385760c6babdc",
                "sha256:819b3830a1543db06c4d4b865e70ded25be52a2e0631ccd2f6a47a2822f2fd7c",
                "sha256:897b80890765f037df3403d22bab41627ca8811ae55e9a722fd0392850ec4d86",
                "sha256:98c4d36e99714e55cfbaaee6dd5badbc9a1ec339ebfc3b1f52e293aee6bb71a4",
                "sha256:9df7ed3b3d2e0ecfe09e14741b857df43adb5a3ddadc919a2d94fbdf78fea53c",
                "sha256:9fa600030013c4de8165339db93d182b9431076eb98eb40ee068700c9c813e34",
                "sha256:a80a78046a72361de73f8f395f1f1e49f956c6be882eed58505a15f3e430962b",
                "sha256:b3d267842bf12586ba6c734f89d1f5b871df0273157918b0ccefa29deb05c21c",
                "sha256:b5b9eccad747aabaaffbc6064800670f0c297e52c12754eb1d976c57e4f74dcb",
                "sha256:c5687b8d43cf58545ade1fe3e055f70eac7a5a1a0bf42824308d868289a95737",
                "sha256:cba8c411ef271aa037d7357a2bc8f9ee8b58b9965831d9e51baf703280dc73d3",
                "sha256:d15a181d1ecd0d4270dc32edb46f7cb7733c7c508857278d3d378d14d606db2d",
                "sha256:d4db7c7aef085872ef65a8fd7d6d09a14ae91f691dec3e87ee5ee0539d516f53",
                "sha256:d4eccecf9adf6fbcc6861a38015c2a64f38b9d94838ac1810a9023a0609e1b78",
                "sha256:d67d839ede4ed1b28a4e8909735fc992a923cdb84e618544973d7dfc71540803",
                "sha256:daf496c58a8c52083df09b80c860005194014c3698698d1a57cbcfa182142a3a",
                "sha256:e61ceaab6f49fb8bdfaa0f92c4b57bcfbea54c09277b1b4f7ac376bfb7a7c174",
                "sha256:f84fbc98b019fef2ee9a1cb3ce93e3187a6df0b2538a651bfb890254ba9f90b5"
            ],
            "markers": "python_version >= '3.6'",
            "version": "==6.0"
        },
        "requests": {
            "extras": [
                "security"
            ],
            "hashes": [
                "sha256:11e007a8a2aa0323f5a921e9e6a2d7e4e67d9877e85773fba9ba6419025cbeb4",
                "sha256:9cf5292fcd0f598c671cfc1e0d7d1a7f13bb8085e9a590f48c010551dc6c4b31"
            ],
            "index": "pypi.ustc",
            "version": "==2.22.0"
        },
        "scrypt": {
            "hashes": [
                "sha256:1377b1adc98c4152694bf5d7e93b41a9d2e9060af69b747cfad8c93ac426f9ea",
                "sha256:336a76da970674206591a9d1092b165a6792eadeaed5fd8fd0d7e367ea0cd74a",
                "sha256:40fcaecc2e6cc3f9d200c7fb111454f4b584dcde3cf1242d0730ca299fb08553",
                "sha256:96ef78c99b324000cadf019c6af1f6cd2fefc1048951fc07365ec74bf99c17f9",
                "sha256:a12930a9942774dbaebe0ae4e3d089a6ea158daf7fc6d9b81aba47bcb73103ff",
                "sha256:b5434eb5608d491abf42bdacb5dea2103ff25d4e42c0a2b574bd74c7789bbb37",
                "sha256:b9da3cd041efdbfde0f353351b6f8a8e0b7b7b4e8d95a29e59f77c48e2cee96d",
                "sha256:d5acc01c27048ad5f5477aeaa97c8faa1bd739f0a915d31b4526e18609fd9df1",
                "sha256:e1d24b8dd8a4451745a0f99c6bf356475fa822e5ebdeb207ea99f0fdab54c909"
            ],
            "index": "pypi.ustc",
            "version": "==0.8.13"
        },
        "setuptools": {
            "hashes": [
                "sha256:22c7348c6d2976a52632c67f7ab0cdf40147db7789f9aed18734643fe9cf3373",
                "sha256:4ce92f1e1f8f01233ee9952c04f6b81d1e02939d6e1b488428154974a4d0783e"
            ],
            "markers": "python_version >= '3.6'",
            "version": "==59.6.0"
        },
        "six": {
            "hashes": [
                "sha256:1e61c37477a1626458e36f7b1d82aa5c9b094fa4802892072e49de9c60c4c926",
                "sha256:8abb2f1d86890a2dfb989f9a77cfcfd3e47c2a354b01111771326f8aa26e0254"
            ],
            "markers": "python_version >= '2.7' and python_version not in '3.0, 3.1, 3.2, 3.3'",
            "version": "==1.16.0"
        },
        "soupsieve": {
            "hashes": [
                "sha256:1a3cca2617c6b38c0343ed661b1fa5de5637f257d4fe22bd9f1338010a1efefb",
                "sha256:b8d49b1cd4f037c7082a9683dfa1801aa2597fb11c3a1155b7a5b94829b4f1f9"
            ],
            "markers": "python_version >= '3.6'",
            "version": "==2.3.1"
        },
        "typing-extensions": {
            "hashes": [
                "sha256:4ca091dea149f945ec56afb48dae714f21e8692ef22a395223bcd328961b6a0e",
                "sha256:7f001e5ac290a0c0401508864c7ec868be4e701886d5b573a9528ed3973d9d3b"
            ],
            "markers": "python_version < '3.8'",
            "version": "==4.0.1"
        },
        "unicodecsv": {
            "hashes": [
                "sha256:018c08037d48649a0412063ff4eda26eaa81eff1546dbffa51fa5293276ff7fc"
            ],
            "index": "pypi.ustc",
            "version": "==0.14.1"
        },
        "urllib3": {
            "hashes": [
                "sha256:8d7eaa5a82a1cac232164990f04874c594c9453ec55eef02eab885aa02fc17a2",
                "sha256:f5321fbe4bf3fefa0efd0bfe7fb14e90909eb62a48ccda331726b4319897dd5e"
            ],
            "markers": "python_version >= '2.7' and python_version not in '3.0, 3.1, 3.2, 3.3, 3.4' and python_version < '4'",
            "version": "==1.25.11"
        },
        "wcwidth": {
            "hashes": [
                "sha256:beb4802a9cebb9144e99086eff703a642a13d6a0052920003a230f3294bbe784",
                "sha256:c4d647b99872929fdb7bdcaa4fbe7f01413ed3d98077df798530e5b04f116c83"
            ],
            "version": "==0.2.5"
        },
        "websocket-client": {
            "hashes": [
                "sha256:1315816c0acc508997eb3ae03b9d3ff619c9d12d544c9a9b553704b1cc4f6af5",
                "sha256:2eed4cc58e4d65613ed6114af2f380f7910ff416fc8c46947f6e76b6815f56c0"
            ],
            "markers": "python_version >= '3.6'",
            "version": "==1.2.3"
        },
        "zipp": {
            "hashes": [
                "sha256:71c644c5369f4a6e07636f0aa966270449561fcea2e3d6747b8d23efaa9d7832",
                "sha256:9fe5ea21568a0a70e50f273397638d39b03353731e6cbbb3fd8502a33fec40bc"
            ],
            "markers": "python_version >= '3.6'",
            "version": "==3.6.0"
        },
        "zmail": {
            "hashes": [
                "sha256:65a7492b0ea7182df5af215ee62caffd81e83c7d98d12b816f493ae6640b6312",
                "sha256:85f08e57d0c905b76e2073e3b9800532e10d0fa4438f69969619d41c96026a8f"
            ],
            "index": "pypi.ustc",
            "version": "==0.2.5"
        }
    },
    "develop": {}
}
